// !$*UTF8*$!
{
	archiveVersion = 1;
	classes = {
	};
	objectVersion = 50;
	objects = {

/* Begin PBXBuildFile section */
		201EF616252BB3CC00DA1207 /* SwiftUI_EssentialsApp.swift in Sources */ = {isa = PBXBuildFile; fileRef = 201EF615252BB3CC00DA1207 /* SwiftUI_EssentialsApp.swift */; };
		201EF618252BB3CC00DA1207 /* ContentView.swift in Sources */ = {isa = PBXBuildFile; fileRef = 201EF617252BB3CC00DA1207 /* ContentView.swift */; };
		201EF61A252BB3CD00DA1207 /* Assets.xcassets in Resources */ = {isa = PBXBuildFile; fileRef = 201EF619252BB3CD00DA1207 /* Assets.xcassets */; };
		201EF61D252BB3CD00DA1207 /* Preview Assets.xcassets in Resources */ = {isa = PBXBuildFile; fileRef = 201EF61C252BB3CD00DA1207 /* Preview Assets.xcassets */; };
		201EF625252BB52A00DA1207 /* Order.swift in Sources */ = {isa = PBXBuildFile; fileRef = 201EF624252BB52A00DA1207 /* Order.swift */; };
		205CFC25252BC14400412DC4 /* OrderHistoryView.swift in Sources */ = {isa = PBXBuildFile; fileRef = 205CFC24252BC14400412DC4 /* OrderHistoryView.swift */; };
		205CFC29252D111000412DC4 /* NewOrderView.swift in Sources */ = {isa = PBXBuildFile; fileRef = 205CFC28252D111000412DC4 /* NewOrderView.swift */; };
		205CFC2E252D127700412DC4 /* SubmittedOrders.swift in Sources */ = {isa = PBXBuildFile; fileRef = 205CFC2D252D127700412DC4 /* SubmittedOrders.swift */; };
		20FA483C252D964B00B79CE6 /* EggLocationPicker.swift in Sources */ = {isa = PBXBuildFile; fileRef = 20FA483B252D964B00B79CE6 /* EggLocationPicker.swift */; };
		20FA483F252D990300B79CE6 /* OrderDetailView.swift in Sources */ = {isa = PBXBuildFile; fileRef = 20FA483E252D990300B79CE6 /* OrderDetailView.swift */; };
/* End PBXBuildFile section */

/* Begin PBXFileReference section */
		201EF612252BB3CC00DA1207 /* SwiftUI Essentials.app */ = {isa = PBXFileReference; explicitFileType = wrapper.application; includeInIndex = 0; path = "SwiftUI Essentials.app"; sourceTree = BUILT_PRODUCTS_DIR; };
		201EF615252BB3CC00DA1207 /* SwiftUI_EssentialsApp.swift */ = {isa = PBXFileReference; lastKnownFileType = sourcecode.swift; path = SwiftUI_EssentialsApp.swift; sourceTree = "<group>"; };
		201EF617252BB3CC00DA1207 /* ContentView.swift */ = {isa = PBXFileReference; lastKnownFileType = sourcecode.swift; path = ContentView.swift; sourceTree = "<group>"; };
		201EF619252BB3CD00DA1207 /* Assets.xcassets */ = {isa = PBXFileReference; lastKnownFileType = folder.assetcatalog; path = Assets.xcassets; sourceTree = "<group>"; };
		201EF61C252BB3CD00DA1207 /* Preview Assets.xcassets */ = {isa = PBXFileReference; lastKnownFileType = folder.assetcatalog; path = "Preview Assets.xcassets"; sourceTree = "<group>"; };
		201EF61E252BB3CD00DA1207 /* Info.plist */ = {isa = PBXFileReference; lastKnownFileType = text.plist.xml; path = Info.plist; sourceTree = "<group>"; };
		201EF624252BB52A00DA1207 /* Order.swift */ = {isa = PBXFileReference; lastKnownFileType = sourcecode.swift; path = Order.swift; sourceTree = "<group>"; };
		205CFC24252BC14400412DC4 /* OrderHistoryView.swift */ = {isa = PBXFileReference; lastKnownFileType = sourcecode.swift; path = OrderHistoryView.swift; sourceTree = "<group>"; };
		205CFC28252D111000412DC4 /* NewOrderView.swift */ = {isa = PBXFileReference; lastKnownFileType = sourcecode.swift; path = NewOrderView.swift; sourceTree = "<group>"; };
		205CFC2D252D127700412DC4 /* SubmittedOrders.swift */ = {isa = PBXFileReference; lastKnownFileType = sourcecode.swift; path = SubmittedOrders.swift; sourceTree = "<group>"; };
		20FA483B252D964B00B79CE6 /* EggLocationPicker.swift */ = {isa = PBXFileReference; lastKnownFileType = sourcecode.swift; path = EggLocationPicker.swift; sourceTree = "<group>"; };
		20FA483E252D990300B79CE6 /* OrderDetailView.swift */ = {isa = PBXFileReference; lastKnownFileType = sourcecode.swift; path = OrderDetailView.swift; sourceTree = "<group>"; };
/* End PBXFileReference section */

/* Begin PBXFrameworksBuildPhase section */
		201EF60F252BB3CC00DA1207 /* Frameworks */ = {
			isa = PBXFrameworksBuildPhase;
			buildActionMask = 2147483647;
			files = (
			);
			runOnlyForDeploymentPostprocessing = 0;
		};
/* End PBXFrameworksBuildPhase section */

/* Begin PBXGroup section */
		201EF609252BB3CC00DA1207 = {
			isa = PBXGroup;
			children = (
				201EF614252BB3CC00DA1207 /* SwiftUI Essentials */,
				201EF613252BB3CC00DA1207 /* Products */,
			);
			sourceTree = "<group>";
		};
		201EF613252BB3CC00DA1207 /* Products */ = {
			isa = PBXGroup;
			children = (
				201EF612252BB3CC00DA1207 /* SwiftUI Essentials.app */,
			);
			name = Products;
			sourceTree = "<group>";
		};
		201EF614252BB3CC00DA1207 /* SwiftUI Essentials */ = {
			isa = PBXGroup;
			children = (
				201EF615252BB3CC00DA1207 /* SwiftUI_EssentialsApp.swift */,
				201EF617252BB3CC00DA1207 /* ContentView.swift */,
				205CFC28252D111000412DC4 /* NewOrderView.swift */,
				205CFC24252BC14400412DC4 /* OrderHistoryView.swift */,
				20FA483B252D964B00B79CE6 /* EggLocationPicker.swift */,
				20FA483E252D990300B79CE6 /* OrderDetailView.swift */,
				201EF624252BB52A00DA1207 /* Order.swift */,
				205CFC2D252D127700412DC4 /* SubmittedOrders.swift */,
				201EF619252BB3CD00DA1207 /* Assets.xcassets */,
				201EF61E252BB3CD00DA1207 /* Info.plist */,
				201EF61B252BB3CD00DA1207 /* Preview Content */,
			);
			path = "SwiftUI Essentials";
			sourceTree = "<group>";
		};
		201EF61B252BB3CD00DA1207 /* Preview Content */ = {
			isa = PBXGroup;
			children = (
				201EF61C252BB3CD00DA1207 /* Preview Assets.xcassets */,
			);
			path = "Preview Content";
			sourceTree = "<group>";
		};
/* End PBXGroup section */

/* Begin PBXNativeTarget section */
		201EF611252BB3CC00DA1207 /* SwiftUI Essentials */ = {
			isa = PBXNativeTarget;
			buildConfigurationList = 201EF621252BB3CD00DA1207 /* Build configuration list for PBXNativeTarget "SwiftUI Essentials" */;
			buildPhases = (
				201EF60E252BB3CC00DA1207 /* Sources */,
				201EF60F252BB3CC00DA1207 /* Frameworks */,
				201EF610252BB3CC00DA1207 /* Resources */,
			);
			buildRules = (
			);
			dependencies = (
			);
			name = "SwiftUI Essentials";
			productName = "SwiftUI Essentials";
			productReference = 201EF612252BB3CC00DA1207 /* SwiftUI Essentials.app */;
			productType = "com.apple.product-type.application";
		};
/* End PBXNativeTarget section */

/* Begin PBXProject section */
		201EF60A252BB3CC00DA1207 /* Project object */ = {
			isa = PBXProject;
			attributes = {
				LastSwiftUpdateCheck = 1200;
				LastUpgradeCheck = 1200;
				TargetAttributes = {
					201EF611252BB3CC00DA1207 = {
						CreatedOnToolsVersion = 12.0;
					};
				};
			};
			buildConfigurationList = 201EF60D252BB3CC00DA1207 /* Build configuration list for PBXProject "SwiftUI Essentials" */;
			compatibilityVersion = "Xcode 9.3";
			developmentRegion = en;
			hasScannedForEncodings = 0;
			knownRegions = (
				en,
				Base,
			);
			mainGroup = 201EF609252BB3CC00DA1207;
			productRefGroup = 201EF613252BB3CC00DA1207 /* Products */;
			projectDirPath = "";
			projectRoot = "";
			targets = (
				201EF611252BB3CC00DA1207 /* SwiftUI Essentials */,
			);
		};
/* End PBXProject section */

/* Begin PBXResourcesBuildPhase section */
		201EF610252BB3CC00DA1207 /* Resources */ = {
			isa = PBXResourcesBuildPhase;
			buildActionMask = 2147483647;
			files = (
				201EF61D252BB3CD00DA1207 /* Preview Assets.xcassets in Resources */,
				201EF61A252BB3CD00DA1207 /* Assets.xcassets in Resources */,
			);
			runOnlyForDeploymentPostprocessing = 0;
		};
/* End PBXResourcesBuildPhase section */

/* Begin PBXSourcesBuildPhase section */
		201EF60E252BB3CC00DA1207 /* Sources */ = {
			isa = PBXSourcesBuildPhase;
			buildActionMask = 2147483647;
			files = (
				20FA483C252D964B00B79CE6 /* EggLocationPicker.swift in Sources */,
				201EF625252BB52A00DA1207 /* Order.swift in Sources */,
				20FA483F252D990300B79CE6 /* OrderDetailView.swift in Sources */,
				201EF618252BB3CC00DA1207 /* ContentView.swift in Sources */,
				205CFC2E252D127700412DC4 /* SubmittedOrders.swift in Sources */,
				201EF616252BB3CC00DA1207 /* SwiftUI_EssentialsApp.swift in Sources */,
				205CFC25252BC14400412DC4 /* OrderHistoryView.swift in Sources */,
				205CFC29252D111000412DC4 /* NewOrderView.swift in Sources */,
			);
			runOnlyForDeploymentPostprocessing = 0;
		};
/* End PBXSourcesBuildPhase section */

/* Begin XCBuildConfiguration section */
		201EF61F252BB3CD00DA1207 /* Debug */ = {
			isa = XCBuildConfiguration;
			buildSettings = {
				ALWAYS_SEARCH_USER_PATHS = NO;
				CLANG_ANALYZER_NONNULL = YES;
				CLANG_ANALYZER_NUMBER_OBJECT_CONVERSION = YES_AGGRESSIVE;
				CLANG_CXX_LANGUAGE_STANDARD = "gnu++14";
				CLANG_CXX_LIBRARY = "libc++";
				CLANG_ENABLE_MODULES = YES;
				CLANG_ENABLE_OBJC_ARC = YES;
				CLANG_ENABLE_OBJC_WEAK = YES;
				CLANG_WARN_BLOCK_CAPTURE_AUTORELEASING = YES;
				CLANG_WARN_BOOL_CONVERSION = YES;
				CLANG_WARN_COMMA = YES;
				CLANG_WARN_CONSTANT_CONVERSION = YES;
				CLANG_WARN_DEPRECATED_OBJC_IMPLEMENTATIONS = YES;
				CLANG_WARN_DIRECT_OBJC_ISA_USAGE = YES_ERROR;
				CLANG_WARN_DOCUMENTATION_COMMENTS = YES;
				CLANG_WARN_EMPTY_BODY = YES;
				CLANG_WARN_ENUM_CONVERSION = YES;
				CLANG_WARN_INFINITE_RECURSION = YES;
				CLANG_WARN_INT_CONVERSION = YES;
				CLANG_WARN_NON_LITERAL_NULL_CONVERSION = YES;
				CLANG_WARN_OBJC_IMPLICIT_RETAIN_SELF = YES;
				CLANG_WARN_OBJC_LITERAL_CONVERSION = YES;
				CLANG_WARN_OBJC_ROOT_CLASS = YES_ERROR;
				CLANG_WARN_QUOTED_INCLUDE_IN_FRAMEWORK_HEADER = YES;
				CLANG_WARN_RANGE_LOOP_ANALYSIS = YES;
				CLANG_WARN_STRICT_PROTOTYPES = YES;
				CLANG_WARN_SUSPICIOUS_MOVE = YES;
				CLANG_WARN_UNGUARDED_AVAILABILITY = YES_AGGRESSIVE;
				CLANG_WARN_UNREACHABLE_CODE = YES;
				CLANG_WARN__DUPLICATE_METHOD_MATCH = YES;
				COPY_PHASE_STRIP = NO;
				DEBUG_INFORMATION_FORMAT = dwarf;
				ENABLE_STRICT_OBJC_MSGSEND = YES;
				ENABLE_TESTABILITY = YES;
				GCC_C_LANGUAGE_STANDARD = gnu11;
				GCC_DYNAMIC_NO_PIC = NO;
				GCC_NO_COMMON_BLOCKS = YES;
				GCC_OPTIMIZATION_LEVEL = 0;
				GCC_PREPROCESSOR_DEFINITIONS = (
					"DEBUG=1",
					"$(inherited)",
				);
				GCC_WARN_64_TO_32_BIT_CONVERSION = YES;
				GCC_WARN_ABOUT_RETURN_TYPE = YES_ERROR;
				GCC_WARN_UNDECLARED_SELECTOR = YES;
				GCC_WARN_UNINITIALIZED_AUTOS = YES_AGGRESSIVE;
				GCC_WARN_UNUSED_FUNCTION = YES;
				GCC_WARN_UNUSED_VARIABLE = YES;
				IPHONEOS_DEPLOYMENT_TARGET = 14.0;
				MTL_ENABLE_DEBUG_INFO = INCLUDE_SOURCE;
				MTL_FAST_MATH = YES;
				ONLY_ACTIVE_ARCH = YES;
				SDKROOT = iphoneos;
				SWIFT_ACTIVE_COMPILATION_CONDITIONS = DEBUG;
				SWIFT_OPTIMIZATION_LEVEL = "-Onone";
			};
			name = Debug;
		};
		201EF620252BB3CD00DA1207 /* Release */ = {
			isa = XCBuildConfiguration;
			buildSettings = {
				ALWAYS_SEARCH_USER_PATHS = NO;
				CLANG_ANALYZER_NONNULL = YES;
				CLANG_ANALYZER_NUMBER_OBJECT_CONVERSION = YES_AGGRESSIVE;
				CLANG_CXX_LANGUAGE_STANDARD = "gnu++14";
				CLANG_CXX_LIBRARY = "libc++";
				CLANG_ENABLE_MODULES = YES;
				CLANG_ENABLE_OBJC_ARC = YES;
				CLANG_ENABLE_OBJC_WEAK = YES;
				CLANG_WARN_BLOCK_CAPTURE_AUTORELEASING = YES;
				CLANG_WARN_BOOL_CONVERSION = YES;
				CLANG_WARN_COMMA = YES;
				CLANG_WARN_CONSTANT_CONVERSION = YES;
				CLANG_WARN_DEPRECATED_OBJC_IMPLEMENTATIONS = YES;
				CLANG_WARN_DIRECT_OBJC_ISA_USAGE = YES_ERROR;
				CLANG_WARN_DOCUMENTATION_COMMENTS = YES;
				CLANG_WARN_EMPTY_BODY = YES;
				CLANG_WARN_ENUM_CONVERSION = YES;
				CLANG_WARN_INFINITE_RECURSION = YES;
				CLANG_WARN_INT_CONVERSION = YES;
				CLANG_WARN_NON_LITERAL_NULL_CONVERSION = YES;
				CLANG_WARN_OBJC_IMPLICIT_RETAIN_SELF = YES;
				CLANG_WARN_OBJC_LITERAL_CONVERSION = YES;
				CLANG_WARN_OBJC_ROOT_CLASS = YES_ERROR;
				CLANG_WARN_QUOTED_INCLUDE_IN_FRAMEWORK_HEADER = YES;
				CLANG_WARN_RANGE_LOOP_ANALYSIS = YES;
				CLANG_WARN_STRICT_PROTOTYPES = YES;
				CLANG_WARN_SUSPICIOUS_MOVE = YES;
				CLANG_WARN_UNGUARDED_AVAILABILITY = YES_AGGRESSIVE;
				CLANG_WARN_UNREACHABLE_CODE = YES;
				CLANG_WARN__DUPLICATE_METHOD_MATCH = YES;
				COPY_PHASE_STRIP = NO;
				DEBUG_INFORMATION_FORMAT = "dwarf-with-dsym";
				ENABLE_NS_ASSERTIONS = NO;
				ENABLE_STRICT_OBJC_MSGSEND = YES;
				GCC_C_LANGUAGE_STANDARD = gnu11;
				GCC_NO_COMMON_BLOCKS = YES;
				GCC_WARN_64_TO_32_BIT_CONVERSION = YES;
				GCC_WARN_ABOUT_RETURN_TYPE = YES_ERROR;
				GCC_WARN_UNDECLARED_SELECTOR = YES;
				GCC_WARN_UNINITIALIZED_AUTOS = YES_AGGRESSIVE;
				GCC_WARN_UNUSED_FUNCTION = YES;
				GCC_WARN_UNUSED_VARIABLE = YES;
				IPHONEOS_DEPLOYMENT_TARGET = 14.0;
				MTL_ENABLE_DEBUG_INFO = NO;
				MTL_FAST_MATH = YES;
				SDKROOT = iphoneos;
				SWIFT_COMPILATION_MODE = wholemodule;
				SWIFT_OPTIMIZATION_LEVEL = "-O";
				VALIDATE_PRODUCT = YES;
			};
			name = Release;
		};
		201EF622252BB3CD00DA1207 /* Debug */ = {
			isa = XCBuildConfiguration;
			buildSettings = {
				ASSETCATALOG_COMPILER_APPICON_NAME = AppIcon;
				ASSETCATALOG_COMPILER_GLOBAL_ACCENT_COLOR_NAME = AccentColor;
				CODE_SIGN_STYLE = Automatic;
				DEVELOPMENT_ASSET_PATHS = "\"SwiftUI Essentials/Preview Content\"";
				ENABLE_PREVIEWS = YES;
				INFOPLIST_FILE = "SwiftUI Essentials/Info.plist";
				IPHONEOS_DEPLOYMENT_TARGET = 14.0;
				LD_RUNPATH_SEARCH_PATHS = (
					"$(inherited)",
					"@executable_path/Frameworks",
				);
				PRODUCT_BUNDLE_IDENTIFIER = "test.SwiftUI-Essentials";
				PRODUCT_NAME = "$(TARGET_NAME)";
				SWIFT_VERSION = 5.0;
				TARGETED_DEVICE_FAMILY = "1,2";
			};
			name = Debug;
		};
		201EF623252BB3CD00DA1207 /* Release */ = {
			isa = XCBuildConfiguration;
			buildSettings = {
				ASSETCATALOG_COMPILER_APPICON_NAME = AppIcon;
				ASSETCATALOG_COMPILER_GLOBAL_ACCENT_COLOR_NAME = AccentColor;
				CODE_SIGN_STYLE = Automatic;
				DEVELOPMENT_ASSET_PATHS = "\"SwiftUI Essentials/Preview Content\"";
				ENABLE_PREVIEWS = YES;
				INFOPLIST_FILE = "SwiftUI Essentials/Info.plist";
				IPHONEOS_DEPLOYMENT_TARGET = 14.0;
				LD_RUNPATH_SEARCH_PATHS = (
					"$(inherited)",
					"@executable_path/Frameworks",
				);
				PRODUCT_BUNDLE_IDENTIFIER = "test.SwiftUI-Essentials";
				PRODUCT_NAME = "$(TARGET_NAME)";
				SWIFT_VERSION = 5.0;
				TARGETED_DEVICE_FAMILY = "1,2";
			};
			name = Release;
		};
/* End XCBuildConfiguration section */

/* Begin XCConfigurationList section */
		201EF60D252BB3CC00DA1207 /* Build configuration list for PBXProject "SwiftUI Essentials" */ = {
			isa = XCConfigurationList;
			buildConfigurations = (
				201EF61F252BB3CD00DA1207 /* Debug */,
				201EF620252BB3CD00DA1207 /* Release */,
			);
			defaultConfigurationIsVisible = 0;
			defaultConfigurationName = Release;
		};
		201EF621252BB3CD00DA1207 /* Build configuration list for PBXNativeTarget "SwiftUI Essentials" */ = {
			isa = XCConfigurationList;
			buildConfigurations = (
				201EF622252BB3CD00DA1207 /* Debug */,
				201EF623252BB3CD00DA1207 /* Release */,
			);
			defaultConfigurationIsVisible = 0;
			defaultConfigurationName = Release;
		};
/* End XCConfigurationList section */
	};
	rootObject = 201EF60A252BB3CC00DA1207 /* Project object */;
}
